lockfileVersion: '9.0'

settings:
  autoInstallPeers: true
  excludeLinksFromLockfile: false

importers:

  .:
    dependencies:
      chalk:
        specifier: '4'
        version: 4.1.2
      xrpl:
        specifier: ^4.0.0
        version: 4.0.0

packages:

  '@noble/curves@1.6.0':
    resolution: {integrity: sha512-TlaHRXDehJuRNR9TfZDNQ45mMEd5dwUwmicsafcIX4SsNiqnCHKjE/1alYPd/lDRVhxdhUAlv8uEhMCI5zjIJQ==}
    engines: {node: ^14.21.3 || >=16}

  '@noble/hashes@1.5.0':
    resolution: {integrity: sha512-1j6kQFb7QRru7eKN3ZDvRcP13rugwdxZqCjbiAVZfIJwgj2A65UmT4TgARXGlXgnRkORLTDTrO19ZErt7+QXgA==}
    engines: {node: ^14.21.3 || >=16}

  '@scure/base@1.1.9':
    resolution: {integrity: sha512-8YKhl8GHiNI/pU2VMaofa2Tor7PJRAjwQLBBuilkJ9L5+13yVbC7JO/wS7piioAvPSwR3JKM1IJ/u4xQzbcXKg==}

  '@scure/bip32@1.5.0':
    resolution: {integrity: sha512-8EnFYkqEQdnkuGBVpCzKxyIwDCBLDVj3oiX0EKUFre/tOjL/Hqba1D6n/8RcmaQy4f95qQFrO2A8Sr6ybh4NRw==}

  '@scure/bip39@1.4.0':
    resolution: {integrity: sha512-BEEm6p8IueV/ZTfQLp/0vhw4NPnT9oWf5+28nvmeUICjP99f4vr2d+qc7AVGDDtwRep6ifR43Yed9ERVmiITzw==}

  '@xrplf/isomorphic@1.0.1':
    resolution: {integrity: sha512-0bIpgx8PDjYdrLFeC3csF305QQ1L7sxaWnL5y71mCvhenZzJgku9QsA+9QCXBC1eNYtxWO/xR91zrXJy2T/ixg==}
    engines: {node: '>=16.0.0'}

  '@xrplf/secret-numbers@1.0.0':
    resolution: {integrity: sha512-qsCLGyqe1zaq9j7PZJopK+iGTGRbk6akkg6iZXJJgxKwck0C5x5Gnwlb1HKYGOwPKyrXWpV6a2YmcpNpUFctGg==}

  ansi-styles@4.3.0:
    resolution: {integrity: sha512-zbB9rCJAT1rbjiVDb2hqKFHNYLxgtk8NURxZ3IZwD3F6NtxbXZQCnnSi1Lkx+IDohdPlFp222wVALIheZJQSEg==}
    engines: {node: '>=8'}

  bignumber.js@9.1.2:
    resolution: {integrity: sha512-2/mKyZH9K85bzOEfhXDBFZTGd1CTs+5IHpeFQo9luiBG7hghdC851Pj2WAhb6E3R6b9tZj/XKhbg4fum+Kepug==}

  chalk@4.1.2:
    resolution: {integrity: sha512-oKnbhFyRIXpUuez8iBMmyEa4nbj4IOQyuhc/wy9kY7/WVPcwIO9VA668Pu8RkO7+0G76SLROeyw9CpQ061i4mA==}
    engines: {node: '>=10'}

  color-convert@2.0.1:
    resolution: {integrity: sha512-RRECPsj7iu/xb5oKYcsFHSppFNnsj/52OVTRKb4zP5onXwVF3zVmmToNcOfGC+CRDpfK/U584fMg38ZHCaElKQ==}
    engines: {node: '>=7.0.0'}

  color-name@1.1.4:
    resolution: {integrity: sha512-dOy+3AuW3a2wNbZHIuMZpTcgjGuLU/uBL/ubcZF9OXbDo8ff4O8yVp5Bf0efS8uEoYo5q4Fx7dY9OgQGXgAsQA==}

  eventemitter3@5.0.1:
    resolution: {integrity: sha512-GWkBvjiSZK87ELrYOSESUYeVIc9mvLLf/nXalMOS5dYrgZq9o5OVkbZAVM06CVxYsCwH9BDZFPlQTlPA1j4ahA==}

  has-flag@4.0.0:
    resolution: {integrity: sha512-EykJT/Q1KjTWctppgIAgfSO0tKVuZUjhgMr17kqTumMl6Afv3EISleU7qZUzoXDFTAHTDC4NOoG/ZxU3EvlMPQ==}
    engines: {node: '>=8'}

  ripple-address-codec@5.0.0:
    resolution: {integrity: sha512-de7osLRH/pt5HX2xw2TRJtbdLLWHu0RXirpQaEeCnWKY5DYHykh3ETSkofvm0aX0LJiV7kwkegJxQkmbO94gWw==}
    engines: {node: '>= 16'}

  ripple-binary-codec@2.1.0:
    resolution: {integrity: sha512-q0GAx+hj3UVcDbhXVjk7qeNfgUMehlElYJwiCuIBwqs/51GVTOwLr39Ht3eNsX5ow2xPRaC5mqHwcFDvLRm6cA==}
    engines: {node: '>= 16'}

  ripple-keypairs@2.0.0:
    resolution: {integrity: sha512-b5rfL2EZiffmklqZk1W+dvSy97v3V/C7936WxCCgDynaGPp7GE6R2XO7EU9O2LlM/z95rj870IylYnOQs+1Rag==}
    engines: {node: '>= 16'}

  supports-color@7.2.0:
    resolution: {integrity: sha512-qpCAvRl9stuOHveKsn7HncJRvv501qIacKzQlO/+Lwxc9+0q2wLyv4Dfvt80/DPn2pqOBsJdDiogXGR9+OvwRw==}
    engines: {node: '>=8'}

  ws@8.18.0:
    resolution: {integrity: sha512-8VbfWfHLbbwu3+N6OKsOMpBdT4kXPDDB9cJk2bJ6mh9ucxdlnNvH1e+roYkKmN9Nxw2yjz7VzeO9oOz2zJ04Pw==}
    engines: {node: '>=10.0.0'}
    peerDependencies:
      bufferutil: ^4.0.1
      utf-8-validate: '>=5.0.2'
    peerDependenciesMeta:
      bufferutil:
        optional: true
      utf-8-validate:
        optional: true

  xrpl@4.0.0:
    resolution: {integrity: sha512-VZm1lQWHQ6PheAAFGdH+ISXKvqB2hZDQ0w4ZcdAEtmqZQXtSIVQHOKPz95rEgGANbos7+XClxJ73++joPhA8Cw==}
    engines: {node: '>=18.0.0'}

snapshots:

  '@noble/curves@1.6.0':
    dependencies:
      '@noble/hashes': 1.5.0

  '@noble/hashes@1.5.0': {}

  '@scure/base@1.1.9': {}

  '@scure/bip32@1.5.0':
    dependencies:
      '@noble/curves': 1.6.0
      '@noble/hashes': 1.5.0
      '@scure/base': 1.1.9

  '@scure/bip39@1.4.0':
    dependencies:
      '@noble/hashes': 1.5.0
      '@scure/base': 1.1.9

  '@xrplf/isomorphic@1.0.1':
    dependencies:
      '@noble/hashes': 1.5.0
      eventemitter3: 5.0.1
      ws: 8.18.0
    transitivePeerDependencies:
      - bufferutil
      - utf-8-validate

  '@xrplf/secret-numbers@1.0.0':
    dependencies:
      '@xrplf/isomorphic': 1.0.1
      ripple-keypairs: 2.0.0
    transitivePeerDependencies:
      - bufferutil
      - utf-8-validate

  ansi-styles@4.3.0:
    dependencies:
      color-convert: 2.0.1

  bignumber.js@9.1.2: {}

  chalk@4.1.2:
    dependencies:
      ansi-styles: 4.3.0
      supports-color: 7.2.0

  color-convert@2.0.1:
    dependencies:
      color-name: 1.1.4

  color-name@1.1.4: {}

  eventemitter3@5.0.1: {}

  has-flag@4.0.0: {}

  ripple-address-codec@5.0.0:
    dependencies:
      '@scure/base': 1.1.9
      '@xrplf/isomorphic': 1.0.1
    transitivePeerDependencies:
      - bufferutil
      - utf-8-validate

  ripple-binary-codec@2.1.0:
    dependencies:
      '@xrplf/isomorphic': 1.0.1
      bignumber.js: 9.1.2
      ripple-address-codec: 5.0.0
    transitivePeerDependencies:
      - bufferutil
      - utf-8-validate

  ripple-keypairs@2.0.0:
    dependencies:
      '@noble/curves': 1.6.0
      '@xrplf/isomorphic': 1.0.1
      ripple-address-codec: 5.0.0
    transitivePeerDependencies:
      - bufferutil
      - utf-8-validate

  supports-color@7.2.0:
    dependencies:
      has-flag: 4.0.0

  ws@8.18.0: {}

  xrpl@4.0.0:
    dependencies:
      '@scure/bip32': 1.5.0
      '@scure/bip39': 1.4.0
      '@xrplf/isomorphic': 1.0.1
      '@xrplf/secret-numbers': 1.0.0
      bignumber.js: 9.1.2
      eventemitter3: 5.0.1
      ripple-address-codec: 5.0.0
      ripple-binary-codec: 2.1.0
      ripple-keypairs: 2.0.0
    transitivePeerDependencies:
      - bufferutil
      - utf-8-validate
